// !$*UTF8*$!
{
	archiveVersion = 1;
	classes = {
	};
	objectVersion = 56;
	objects = {

/* Begin PBXBuildFile section */
		3AC800AE2CDB857600C14209 /* DoctorsAppApp.swift in Sources */ = {isa = PBXBuildFile; fileRef = 3AC800AD2CDB857600C14209 /* DoctorsAppApp.swift */; };
		3AC800B02CDB857600C14209 /* DoctorView.swift in Sources */ = {isa = PBXBuildFile; fileRef = 3AC800AF2CDB857600C14209 /* DoctorView.swift */; };
		3AC800B22CDB857E00C14209 /* Assets.xcassets in Resources */ = {isa = PBXBuildFile; fileRef = 3AC800B12CDB857E00C14209 /* Assets.xcassets */; };
		3AC800B52CDB857E00C14209 /* Preview Assets.xcassets in Resources */ = {isa = PBXBuildFile; fileRef = 3AC800B42CDB857E00C14209 /* Preview Assets.xcassets */; };
		3AC800BD2CDB864700C14209 /* Model.swift in Sources */ = {isa = PBXBuildFile; fileRef = 3AC800BC2CDB864700C14209 /* Model.swift */; };
		3AC800C22CDB88B000C14209 /* URLConstants.swift in Sources */ = {isa = PBXBuildFile; fileRef = 3AC800C12CDB88B000C14209 /* URLConstants.swift */; };
		3AC800C42CDB898600C14209 /* NetworkError.swift in Sources */ = {isa = PBXBuildFile; fileRef = 3AC800C32CDB898600C14209 /* NetworkError.swift */; };
		3AC800C62CDB89BD00C14209 /* NetworkManager.swift in Sources */ = {isa = PBXBuildFile; fileRef = 3AC800C52CDB89BD00C14209 /* NetworkManager.swift */; };
		3AC800C92CDB8E8100C14209 /* ViewModel.swift in Sources */ = {isa = PBXBuildFile; fileRef = 3AC800C82CDB8E8100C14209 /* ViewModel.swift */; };
		3AC800CC2CDCB3EB00C14209 /* DoctorRowView.swift in Sources */ = {isa = PBXBuildFile; fileRef = 3AC800CB2CDCB3EB00C14209 /* DoctorRowView.swift */; };
		3AC800CF2CDCCE3000C14209 /* DoctorDetailView.swift in Sources */ = {isa = PBXBuildFile; fileRef = 3AC800CE2CDCCE3000C14209 /* DoctorDetailView.swift */; };
/* End PBXBuildFile section */

/* Begin PBXFileReference section */
		3AC800AA2CDB857600C14209 /* DoctorsApp.app */ = {isa = PBXFileReference; explicitFileType = wrapper.application; includeInIndex = 0; path = DoctorsApp.app; sourceTree = BUILT_PRODUCTS_DIR; };
		3AC800AD2CDB857600C14209 /* DoctorsAppApp.swift */ = {isa = PBXFileReference; lastKnownFileType = sourcecode.swift; path = DoctorsAppApp.swift; sourceTree = "<group>"; };
		3AC800AF2CDB857600C14209 /* DoctorView.swift */ = {isa = PBXFileReference; lastKnownFileType = sourcecode.swift; path = DoctorView.swift; sourceTree = "<group>"; };
		3AC800B12CDB857E00C14209 /* Assets.xcassets */ = {isa = PBXFileReference; lastKnownFileType = folder.assetcatalog; path = Assets.xcassets; sourceTree = "<group>"; };
		3AC800B42CDB857E00C14209 /* Preview Assets.xcassets */ = {isa = PBXFileReference; lastKnownFileType = folder.assetcatalog; path = "Preview Assets.xcassets"; sourceTree = "<group>"; };
		3AC800BC2CDB864700C14209 /* Model.swift */ = {isa = PBXFileReference; lastKnownFileType = sourcecode.swift; path = Model.swift; sourceTree = "<group>"; };
		3AC800C12CDB88B000C14209 /* URLConstants.swift */ = {isa = PBXFileReference; lastKnownFileType = sourcecode.swift; path = URLConstants.swift; sourceTree = "<group>"; };
		3AC800C32CDB898600C14209 /* NetworkError.swift */ = {isa = PBXFileReference; lastKnownFileType = sourcecode.swift; path = NetworkError.swift; sourceTree = "<group>"; };
		3AC800C52CDB89BD00C14209 /* NetworkManager.swift */ = {isa = PBXFileReference; lastKnownFileType = sourcecode.swift; path = NetworkManager.swift; sourceTree = "<group>"; };
		3AC800C82CDB8E8100C14209 /* ViewModel.swift */ = {isa = PBXFileReference; lastKnownFileType = sourcecode.swift; path = ViewModel.swift; sourceTree = "<group>"; };
		3AC800CB2CDCB3EB00C14209 /* DoctorRowView.swift */ = {isa = PBXFileReference; lastKnownFileType = sourcecode.swift; path = DoctorRowView.swift; sourceTree = "<group>"; };
		3AC800CE2CDCCE3000C14209 /* DoctorDetailView.swift */ = {isa = PBXFileReference; lastKnownFileType = sourcecode.swift; path = DoctorDetailView.swift; sourceTree = "<group>"; };
/* End PBXFileReference section */

/* Begin PBXFrameworksBuildPhase section */
		3AC800A72CDB857600C14209 /* Frameworks */ = {
			isa = PBXFrameworksBuildPhase;
			buildActionMask = 2147483647;
			files = (
			);
			runOnlyForDeploymentPostprocessing = 0;
		};
/* End PBXFrameworksBuildPhase section */

/* Begin PBXGroup section */
		3AC800A12CDB857600C14209 = {
			isa = PBXGroup;
			children = (
				3AC800AC2CDB857600C14209 /* DoctorsApp */,
				3AC800AB2CDB857600C14209 /* Products */,
			);
			sourceTree = "<group>";
		};
		3AC800AB2CDB857600C14209 /* Products */ = {
			isa = PBXGroup;
			children = (
				3AC800AA2CDB857600C14209 /* DoctorsApp.app */,
			);
			name = Products;
			sourceTree = "<group>";
		};
		3AC800AC2CDB857600C14209 /* DoctorsApp */ = {
			isa = PBXGroup;
			children = (
				3AC800CD2CDCB57100C14209 /* DoctorDetailsViews */,
				3AC800CA2CDCB38F00C14209 /* DoctorsListViews */,
				3AC800C72CDB8E5400C14209 /* ViewModel */,
				3AC800C02CDB888A00C14209 /* Network */,
				3AC800BB2CDB862C00C14209 /* Model */,
				3AC800AD2CDB857600C14209 /* DoctorsAppApp.swift */,
				3AC800B12CDB857E00C14209 /* Assets.xcassets */,
				3AC800B32CDB857E00C14209 /* Preview Content */,
			);
			path = DoctorsApp;
			sourceTree = "<group>";
		};
		3AC800B32CDB857E00C14209 /* Preview Content */ = {
			isa = PBXGroup;
			children = (
				3AC800B42CDB857E00C14209 /* Preview Assets.xcassets */,
			);
			path = "Preview Content";
			sourceTree = "<group>";
		};
		3AC800BB2CDB862C00C14209 /* Model */ = {
			isa = PBXGroup;
			children = (
				3AC800BC2CDB864700C14209 /* Model.swift */,
			);
			path = Model;
			sourceTree = "<group>";
		};
		3AC800C02CDB888A00C14209 /* Network */ = {
			isa = PBXGroup;
			children = (
				3AC800C12CDB88B000C14209 /* URLConstants.swift */,
				3AC800C32CDB898600C14209 /* NetworkError.swift */,
				3AC800C52CDB89BD00C14209 /* NetworkManager.swift */,
			);
			path = Network;
			sourceTree = "<group>";
		};
		3AC800C72CDB8E5400C14209 /* ViewModel */ = {
			isa = PBXGroup;
			children = (
				3AC800C82CDB8E8100C14209 /* ViewModel.swift */,
			);
			path = ViewModel;
			sourceTree = "<group>";
		};
		3AC800CA2CDCB38F00C14209 /* DoctorsListViews */ = {
			isa = PBXGroup;
			children = (
				3AC800AF2CDB857600C14209 /* DoctorView.swift */,
				3AC800CB2CDCB3EB00C14209 /* DoctorRowView.swift */,
			);
			path = DoctorsListViews;
			sourceTree = "<group>";
		};
		3AC800CD2CDCB57100C14209 /* DoctorDetailsViews */ = {
			isa = PBXGroup;
			children = (
				3AC800CE2CDCCE3000C14209 /* DoctorDetailView.swift */,
			);
			name = DoctorDetailsViews;
			sourceTree = "<group>";
		};
/* End PBXGroup section */

/* Begin PBXNativeTarget section */
		3AC800A92CDB857600C14209 /* DoctorsApp */ = {
			isa = PBXNativeTarget;
			buildConfigurationList = 3AC800B82CDB857E00C14209 /* Build configuration list for PBXNativeTarget "DoctorsApp" */;
			buildPhases = (
				3AC800A62CDB857600C14209 /* Sources */,
				3AC800A72CDB857600C14209 /* Frameworks */,
				3AC800A82CDB857600C14209 /* Resources */,
			);
			buildRules = (
			);
			dependencies = (
			);
			name = DoctorsApp;
			productName = DoctorsApp;
			productReference = 3AC800AA2CDB857600C14209 /* DoctorsApp.app */;
			productType = "com.apple.product-type.application";
		};
/* End PBXNativeTarget section */

/* Begin PBXProject section */
		3AC800A22CDB857600C14209 /* Project object */ = {
			isa = PBXProject;
			attributes = {
				BuildIndependentTargetsInParallel = 1;
				LastSwiftUpdateCheck = 1540;
				LastUpgradeCheck = 1540;
				TargetAttributes = {
					3AC800A92CDB857600C14209 = {
						CreatedOnToolsVersion = 15.4;
					};
				};
			};
			buildConfigurationList = 3AC800A52CDB857600C14209 /* Build configuration list for PBXProject "DoctorsApp" */;
			compatibilityVersion = "Xcode 14.0";
			developmentRegion = en;
			hasScannedForEncodings = 0;
			knownRegions = (
				en,
				Base,
			);
			mainGroup = 3AC800A12CDB857600C14209;
			productRefGroup = 3AC800AB2CDB857600C14209 /* Products */;
			projectDirPath = "";
			projectRoot = "";
			targets = (
				3AC800A92CDB857600C14209 /* DoctorsApp */,
			);
		};
/* End PBXProject section */

/* Begin PBXResourcesBuildPhase section */
		3AC800A82CDB857600C14209 /* Resources */ = {
			isa = PBXResourcesBuildPhase;
			buildActionMask = 2147483647;
			files = (
				3AC800B52CDB857E00C14209 /* Preview Assets.xcassets in Resources */,
				3AC800B22CDB857E00C14209 /* Assets.xcassets in Resources */,
			);
			runOnlyForDeploymentPostprocessing = 0;
		};
/* End PBXResourcesBuildPhase section */

/* Begin PBXSourcesBuildPhase section */
		3AC800A62CDB857600C14209 /* Sources */ = {
			isa = PBXSourcesBuildPhase;
			buildActionMask = 2147483647;
			files = (
				3AC800CF2CDCCE3000C14209 /* DoctorDetailView.swift in Sources */,
				3AC800C62CDB89BD00C14209 /* NetworkManager.swift in Sources */,
				3AC800BD2CDB864700C14209 /* Model.swift in Sources */,
				3AC800C22CDB88B000C14209 /* URLConstants.swift in Sources */,
				3AC800B02CDB857600C14209 /* DoctorView.swift in Sources */,
				3AC800CC2CDCB3EB00C14209 /* DoctorRowView.swift in Sources */,
				3AC800AE2CDB857600C14209 /* DoctorsAppApp.swift in Sources */,
				3AC800C42CDB898600C14209 /* NetworkError.swift in Sources */,
				3AC800C92CDB8E8100C14209 /* ViewModel.swift in Sources */,
			);
			runOnlyForDeploymentPostprocessing = 0;
		};
/* End PBXSourcesBuildPhase section */

/* Begin XCBuildConfiguration section */
		3AC800B62CDB857E00C14209 /* Debug */ = {
			isa = XCBuildConfiguration;
			buildSettings = {
				ALWAYS_SEARCH_USER_PATHS = NO;
				ASSETCATALOG_COMPILER_GENERATE_SWIFT_ASSET_SYMBOL_EXTENSIONS = YES;
				CLANG_ANALYZER_NONNULL = YES;
				CLANG_ANALYZER_NUMBER_OBJECT_CONVERSION = YES_AGGRESSIVE;
				CLANG_CXX_LANGUAGE_STANDARD = "gnu++20";
				CLANG_ENABLE_MODULES = YES;
				CLANG_ENABLE_OBJC_ARC = YES;
				CLANG_ENABLE_OBJC_WEAK = YES;
				CLANG_WARN_BLOCK_CAPTURE_AUTORELEASING = YES;
				CLANG_WARN_BOOL_CONVERSION = YES;
				CLANG_WARN_COMMA = YES;
				CLANG_WARN_CONSTANT_CONVERSION = YES;
				CLANG_WARN_DEPRECATED_OBJC_IMPLEMENTATIONS = YES;
				CLANG_WARN_DIRECT_OBJC_ISA_USAGE = YES_ERROR;
				CLANG_WARN_DOCUMENTATION_COMMENTS = YES;
				CLANG_WARN_EMPTY_BODY = YES;
				CLANG_WARN_ENUM_CONVERSION = YES;
				CLANG_WARN_INFINITE_RECURSION = YES;
				CLANG_WARN_INT_CONVERSION = YES;
				CLANG_WARN_NON_LITERAL_NULL_CONVERSION = YES;
				CLANG_WARN_OBJC_IMPLICIT_RETAIN_SELF = YES;
				CLANG_WARN_OBJC_LITERAL_CONVERSION = YES;
				CLANG_WARN_OBJC_ROOT_CLASS = YES_ERROR;
				CLANG_WARN_QUOTED_INCLUDE_IN_FRAMEWORK_HEADER = YES;
				CLANG_WARN_RANGE_LOOP_ANALYSIS = YES;
				CLANG_WARN_STRICT_PROTOTYPES = YES;
				CLANG_WARN_SUSPICIOUS_MOVE = YES;
				CLANG_WARN_UNGUARDED_AVAILABILITY = YES_AGGRESSIVE;
				CLANG_WARN_UNREACHABLE_CODE = YES;
				CLANG_WARN__DUPLICATE_METHOD_MATCH = YES;
				COPY_PHASE_STRIP = NO;
				DEBUG_INFORMATION_FORMAT = dwarf;
				ENABLE_STRICT_OBJC_MSGSEND = YES;
				ENABLE_TESTABILITY = YES;
				ENABLE_USER_SCRIPT_SANDBOXING = YES;
				GCC_C_LANGUAGE_STANDARD = gnu17;
				GCC_DYNAMIC_NO_PIC = NO;
				GCC_NO_COMMON_BLOCKS = YES;
				GCC_OPTIMIZATION_LEVEL = 0;
				GCC_PREPROCESSOR_DEFINITIONS = (
					"DEBUG=1",
					"$(inherited)",
				);
				GCC_WARN_64_TO_32_BIT_CONVERSION = YES;
				GCC_WARN_ABOUT_RETURN_TYPE = YES_ERROR;
				GCC_WARN_UNDECLARED_SELECTOR = YES;
				GCC_WARN_UNINITIALIZED_AUTOS = YES_AGGRESSIVE;
				GCC_WARN_UNUSED_FUNCTION = YES;
				GCC_WARN_UNUSED_VARIABLE = YES;
				IPHONEOS_DEPLOYMENT_TARGET = 17.5;
				LOCALIZATION_PREFERS_STRING_CATALOGS = YES;
				MTL_ENABLE_DEBUG_INFO = INCLUDE_SOURCE;
				MTL_FAST_MATH = YES;
				ONLY_ACTIVE_ARCH = YES;
				SDKROOT = iphoneos;
				SWIFT_ACTIVE_COMPILATION_CONDITIONS = "DEBUG $(inherited)";
				SWIFT_OPTIMIZATION_LEVEL = "-Onone";
			};
			name = Debug;
		};
		3AC800B72CDB857E00C14209 /* Release */ = {
			isa = XCBuildConfiguration;
			buildSettings = {
				ALWAYS_SEARCH_USER_PATHS = NO;
				ASSETCATALOG_COMPILER_GENERATE_SWIFT_ASSET_SYMBOL_EXTENSIONS = YES;
				CLANG_ANALYZER_NONNULL = YES;
				CLANG_ANALYZER_NUMBER_OBJECT_CONVERSION = YES_AGGRESSIVE;
				CLANG_CXX_LANGUAGE_STANDARD = "gnu++20";
				CLANG_ENABLE_MODULES = YES;
				CLANG_ENABLE_OBJC_ARC = YES;
				CLANG_ENABLE_OBJC_WEAK = YES;
				CLANG_WARN_BLOCK_CAPTURE_AUTORELEASING = YES;
				CLANG_WARN_BOOL_CONVERSION = YES;
				CLANG_WARN_COMMA = YES;
				CLANG_WARN_CONSTANT_CONVERSION = YES;
				CLANG_WARN_DEPRECATED_OBJC_IMPLEMENTATIONS = YES;
				CLANG_WARN_DIRECT_OBJC_ISA_USAGE = YES_ERROR;
				CLANG_WARN_DOCUMENTATION_COMMENTS = YES;
				CLANG_WARN_EMPTY_BODY = YES;
				CLANG_WARN_ENUM_CONVERSION = YES;
				CLANG_WARN_INFINITE_RECURSION = YES;
				CLANG_WARN_INT_CONVERSION = YES;
				CLANG_WARN_NON_LITERAL_NULL_CONVERSION = YES;
				CLANG_WARN_OBJC_IMPLICIT_RETAIN_SELF = YES;
				CLANG_WARN_OBJC_LITERAL_CONVERSION = YES;
				CLANG_WARN_OBJC_ROOT_CLASS = YES_ERROR;
				CLANG_WARN_QUOTED_INCLUDE_IN_FRAMEWORK_HEADER = YES;
				CLANG_WARN_RANGE_LOOP_ANALYSIS = YES;
				CLANG_WARN_STRICT_PROTOTYPES = YES;
				CLANG_WARN_SUSPICIOUS_MOVE = YES;
				CLANG_WARN_UNGUARDED_AVAILABILITY = YES_AGGRESSIVE;
				CLANG_WARN_UNREACHABLE_CODE = YES;
				CLANG_WARN__DUPLICATE_METHOD_MATCH = YES;
				COPY_PHASE_STRIP = NO;
				DEBUG_INFORMATION_FORMAT = "dwarf-with-dsym";
				ENABLE_NS_ASSERTIONS = NO;
				ENABLE_STRICT_OBJC_MSGSEND = YES;
				ENABLE_USER_SCRIPT_SANDBOXING = YES;
				GCC_C_LANGUAGE_STANDARD = gnu17;
				GCC_NO_COMMON_BLOCKS = YES;
				GCC_WARN_64_TO_32_BIT_CONVERSION = YES;
				GCC_WARN_ABOUT_RETURN_TYPE = YES_ERROR;
				GCC_WARN_UNDECLARED_SELECTOR = YES;
				GCC_WARN_UNINITIALIZED_AUTOS = YES_AGGRESSIVE;
				GCC_WARN_UNUSED_FUNCTION = YES;
				GCC_WARN_UNUSED_VARIABLE = YES;
				IPHONEOS_DEPLOYMENT_TARGET = 17.5;
				LOCALIZATION_PREFERS_STRING_CATALOGS = YES;
				MTL_ENABLE_DEBUG_INFO = NO;
				MTL_FAST_MATH = YES;
				SDKROOT = iphoneos;
				SWIFT_COMPILATION_MODE = wholemodule;
				VALIDATE_PRODUCT = YES;
			};
			name = Release;
		};
		3AC800B92CDB857E00C14209 /* Debug */ = {
			isa = XCBuildConfiguration;
			buildSettings = {
				ASSETCATALOG_COMPILER_APPICON_NAME = AppIcon;
				ASSETCATALOG_COMPILER_GLOBAL_ACCENT_COLOR_NAME = AccentColor;
				CODE_SIGN_STYLE = Automatic;
				CURRENT_PROJECT_VERSION = 1;
				DEVELOPMENT_ASSET_PATHS = "\"DoctorsApp/Preview Content\"";
				DEVELOPMENT_TEAM = DLGS6G2PDX;
				ENABLE_PREVIEWS = YES;
				GENERATE_INFOPLIST_FILE = YES;
				INFOPLIST_KEY_UIApplicationSceneManifest_Generation = YES;
				INFOPLIST_KEY_UIApplicationSupportsIndirectInputEvents = YES;
				INFOPLIST_KEY_UILaunchScreen_Generation = YES;
				INFOPLIST_KEY_UISupportedInterfaceOrientations_iPad = "UIInterfaceOrientationPortrait UIInterfaceOrientationPortraitUpsideDown UIInterfaceOrientationLandscapeLeft UIInterfaceOrientationLandscapeRight";
				INFOPLIST_KEY_UISupportedInterfaceOrientations_iPhone = "UIInterfaceOrientationPortrait UIInterfaceOrientationLandscapeLeft UIInterfaceOrientationLandscapeRight";
				IPHONEOS_DEPLOYMENT_TARGET = 17.0;
				LD_RUNPATH_SEARCH_PATHS = (
					"$(inherited)",
					"@executable_path/Frameworks",
				);
				MARKETING_VERSION = 1.0;
				PRODUCT_BUNDLE_IDENTIFIER = "--------------.DoctorsApp";
				PRODUCT_NAME = "$(TARGET_NAME)";
				SWIFT_EMIT_LOC_STRINGS = YES;
				SWIFT_VERSION = 5.0;
				TARGETED_DEVICE_FAMILY = "1,2";
			};
			name = Debug;
		};
		3AC800BA2CDB857E00C14209 /* Release */ = {
			isa = XCBuildConfiguration;
			buildSettings = {
				ASSETCATALOG_COMPILER_APPICON_NAME = AppIcon;
				ASSETCATALOG_COMPILER_GLOBAL_ACCENT_COLOR_NAME = AccentColor;
				CODE_SIGN_STYLE = Automatic;
				CURRENT_PROJECT_VERSION = 1;
				DEVELOPMENT_ASSET_PATHS = "\"DoctorsApp/Preview Content\"";
				DEVELOPMENT_TEAM = DLGS6G2PDX;
				ENABLE_PREVIEWS = YES;
				GENERATE_INFOPLIST_FILE = YES;
				INFOPLIST_KEY_UIApplicationSceneManifest_Generation = YES;
				INFOPLIST_KEY_UIApplicationSupportsIndirectInputEvents = YES;
				INFOPLIST_KEY_UILaunchScreen_Generation = YES;
				INFOPLIST_KEY_UISupportedInterfaceOrientations_iPad = "UIInterfaceOrientationPortrait UIInterfaceOrientationPortraitUpsideDown UIInterfaceOrientationLandscapeLeft UIInterfaceOrientationLandscapeRight";
				INFOPLIST_KEY_UISupportedInterfaceOrientations_iPhone = "UIInterfaceOrientationPortrait UIInterfaceOrientationLandscapeLeft UIInterfaceOrientationLandscapeRight";
				IPHONEOS_DEPLOYMENT_TARGET = 17.0;
				LD_RUNPATH_SEARCH_PATHS = (
					"$(inherited)",
					"@executable_path/Frameworks",
				);
				MARKETING_VERSION = 1.0;
				PRODUCT_BUNDLE_IDENTIFIER = "--------------.DoctorsApp";
				PRODUCT_NAME = "$(TARGET_NAME)";
				SWIFT_EMIT_LOC_STRINGS = YES;
				SWIFT_VERSION = 5.0;
				TARGETED_DEVICE_FAMILY = "1,2";
			};
			name = Release;
		};
/* End XCBuildConfiguration section */

/* Begin XCConfigurationList section */
		3AC800A52CDB857600C14209 /* Build configuration list for PBXProject "DoctorsApp" */ = {
			isa = XCConfigurationList;
			buildConfigurations = (
				3AC800B62CDB857E00C14209 /* Debug */,
				3AC800B72CDB857E00C14209 /* Release */,
			);
			defaultConfigurationIsVisible = 0;
			defaultConfigurationName = Release;
		};
		3AC800B82CDB857E00C14209 /* Build configuration list for PBXNativeTarget "DoctorsApp" */ = {
			isa = XCConfigurationList;
			buildConfigurations = (
				3AC800B92CDB857E00C14209 /* Debug */,
				3AC800BA2CDB857E00C14209 /* Release */,
			);
			defaultConfigurationIsVisible = 0;
			defaultConfigurationName = Release;
		};
/* End XCConfigurationList section */
	};
	rootObject = 3AC800A22CDB857600C14209 /* Project object */;
}
